
Microsoft Visual Studio Solution File, Format Version 12.00
# Visual Studio Version 16
VisualStudioVersion = 16.0.30523.141
MinimumVisualStudioVersion = 10.0.40219.1
Project("{FAE04EC0-301F-11D3-BF4B-00C04F79EFBC}") = "Medan_Rodica_Lab6", "Medan_Rodica_Lab6.csproj", "{A338F044-17C6-46FC-A81F-31B9A6661D61}"
EndProject
Project("{FAE04EC0-301F-11D3-BF4B-00C04F79EFBC}") = "AutoLotModel", "..\AutoLotModel\AutoLotModel.csproj", "{A39E2485-717D-464B-BDA6-47379A676D09}"
EndProject
Global
	GlobalSection(SolutionConfigurationPlatforms) = preSolution
		Debug|Any CPU = Debug|Any CPU
		Release|Any CPU = Release|Any CPU
	EndGlobalSection
	GlobalSection(ProjectConfigurationPlatforms) = postSolution
		{A338F044-17C6-46FC-A81F-31B9A6661D61}.Debug|Any CPU.ActiveCfg = Debug|Any CPU
		{A338F044-17C6-46FC-A81F-31B9A6661D61}.Debug|Any CPU.Build.0 = Debug|Any CPU
		{A338F044-17C6-46FC-A81F-31B9A6661D61}.Release|Any CPU.ActiveCfg = Release|Any CPU
		{A338F044-17C6-46FC-A81F-31B9A6661D61}.Release|Any CPU.Build.0 = Release|Any CPU
		{A39E2485-717D-464B-BDA6-47379A676D09}.Debug|Any CPU.ActiveCfg = Debug|Any CPU
		{A39E2485-717D-464B-BDA6-47379A676D09}.Debug|Any CPU.Build.0 = Debug|Any CPU
		{A39E2485-717D-464B-BDA6-47379A676D09}.Release|Any CPU.ActiveCfg = Release|Any CPU
		{A39E2485-717D-464B-BDA6-47379A676D09}.Release|Any CPU.Build.0 = Release|Any CPU
	EndGlobalSection
	GlobalSection(SolutionProperties) = preSolution
		HideSolutionNode = FALSE
	EndGlobalSection
	GlobalSection(ExtensibilityGlobals) = postSolution
		SolutionGuid = {204D3CBF-BC16-4017-ADB5-549B8187FADD}
	EndGlobalSection
EndGlobal
